<?xml version="1.0" encoding="utf-8"?>
<Project ToolsVersion="4.0" xmlns="http://schemas.microsoft.com/developer/msbuild/2003">
  <ItemGroup>
    <ClCompile Include="main.cpp" />
    <ClCompile Include="Engine.cpp" />
    <ClCompile Include="AppSettings.cpp" />
    <ClCompile Include="Theme.cpp" />
    <ClCompile Include="TrayIcon.cpp" />
    <ClCompile Include="SettingsDlg.cpp" />
  </ItemGroup>
  <ItemGroup>
    <ClInclude Include="resource.h" />
    <ClInclude Include="Common.h" />
    <ClInclude Include="Engine.h" />
    <ClInclude Include="Theme.h" />
    <ClInclude Include="TrayIcon.h" />
    <ClInclude Include="SettingsDlg.h" />
  </ItemGroup>
  <ItemGroup>
    <ResourceCompile Include="CountdownTimer.rc" />
  </ItemGroup>
  <ItemGroup>
    <Image Include="ICO\ShakaFHD.ico" />
  </ItemGroup>
</Project>